
Microsoft Visual Studio Solution File, Format Version 12.00
# Visual Studio Version 16
VisualStudioVersion = 16.0.31702.278
MinimumVisualStudioVersion = 10.0.40219.1
Project("{FAE04EC0-301F-11D3-BF4B-00C04F79EFBC}") = "ConvertCash", "ConvertCash\ConvertCash.csproj", "{ADD50A09-733B-441F-82CB-A5B349EB02EA}"
EndProject
Global
	GlobalSection(SolutionConfigurationPlatforms) = preSolution
		Debug|Any CPU = Debug|Any CPU
		Release|Any CPU = Release|Any CPU
	EndGlobalSection
	GlobalSection(ProjectConfigurationPlatforms) = postSolution
		{ADD50A09-733B-441F-82CB-A5B349EB02EA}.Debug|Any CPU.ActiveCfg = Debug|Any CPU
		{ADD50A09-733B-441F-82CB-A5B349EB02EA}.Debug|Any CPU.Build.0 = Debug|Any CPU
		{ADD50A09-733B-441F-82CB-A5B349EB02EA}.Release|Any CPU.ActiveCfg = Release|Any CPU
		{ADD50A09-733B-441F-82CB-A5B349EB02EA}.Release|Any CPU.Build.0 = Release|Any CPU
	EndGlobalSection
	GlobalSection(SolutionProperties) = preSolution
		HideSolutionNode = FALSE
	EndGlobalSection
	GlobalSection(ExtensibilityGlobals) = postSolution
		SolutionGuid = {78E9E15C-CC17-4DF2-87FA-3CBADF398D88}
	EndGlobalSection
EndGlobal
